Microsoft Visual Studio Solution File, Format Version 12.00
# Visual Studio Version 17
VisualStudioVersion = 17.5.2.0
MinimumVisualStudioVersion = 10.0.40219.1
Project("{FAE04EC0-301F-11D3-BF4B-00C04F79EFBC}") = "StringToInteger", "StringToInteger.csproj", "{4EB60B52-E55B-F140-906B-9DCA8F7AF9EE}"
EndProject
Global
	GlobalSection(SolutionConfigurationPlatforms) = preSolution
		Debug|Any CPU = Debug|Any CPU
		Release|Any CPU = Release|Any CPU
	EndGlobalSection
	GlobalSection(ProjectConfigurationPlatforms) = postSolution
		{4EB60B52-E55B-F140-906B-9DCA8F7AF9EE}.Debug|Any CPU.ActiveCfg = Debug|Any CPU
		{4EB60B52-E55B-F140-906B-9DCA8F7AF9EE}.Debug|Any CPU.Build.0 = Debug|Any CPU
		{4EB60B52-E55B-F140-906B-9DCA8F7AF9EE}.Release|Any CPU.ActiveCfg = Release|Any CPU
		{4EB60B52-E55B-F140-906B-9DCA8F7AF9EE}.Release|Any CPU.Build.0 = Release|Any CPU
	EndGlobalSection
	GlobalSection(SolutionProperties) = preSolution
		HideSolutionNode = FALSE
	EndGlobalSection
	GlobalSection(ExtensibilityGlobals) = postSolution
		SolutionGuid = {1D1C7AC0-0342-4585-BB0E-B4EC0534EC26}
	EndGlobalSection
EndGlobal
